
Microsoft Visual Studio Solution File, Format Version 12.00
# Visual Studio Version 16
VisualStudioVersion = 16.0.31321.278
MinimumVisualStudioVersion = 10.0.40219.1
Project("{FAE04EC0-301F-11D3-BF4B-00C04F79EFBC}") = "Operators_Houston_Morgan", "Operators_Houston_Morgan.csproj", "{F1BDC711-0ECF-4EF9-993B-47EBA606C5B3}"
EndProject
Global
	GlobalSection(SolutionConfigurationPlatforms) = preSolution
		Debug|Any CPU = Debug|Any CPU
		Release|Any CPU = Release|Any CPU
	EndGlobalSection
	GlobalSection(ProjectConfigurationPlatforms) = postSolution
		{F1BDC711-0ECF-4EF9-993B-47EBA606C5B3}.Debug|Any CPU.ActiveCfg = Debug|Any CPU
		{F1BDC711-0ECF-4EF9-993B-47EBA606C5B3}.Debug|Any CPU.Build.0 = Debug|Any CPU
		{F1BDC711-0ECF-4EF9-993B-47EBA606C5B3}.Release|Any CPU.ActiveCfg = Release|Any CPU
		{F1BDC711-0ECF-4EF9-993B-47EBA606C5B3}.Release|Any CPU.Build.0 = Release|Any CPU
	EndGlobalSection
	GlobalSection(SolutionProperties) = preSolution
		HideSolutionNode = FALSE
	EndGlobalSection
	GlobalSection(ExtensibilityGlobals) = postSolution
		SolutionGuid = {49110107-3D40-4BF1-BD89-5BE4FB993A41}
	EndGlobalSection
EndGlobal
